{
  "name": "railtech-server",
  "version": "1.0.0",
  "lockfileVersion": 3,
  "requires": true,
  "packages": {
    "": {
      "name": "railtech-server",
      "version": "1.0.0",
      "license": "ISC",
      "devDependencies": {
        "@unocss/preset-uno": "^0.63.3",
        "@unocss/preset-web-fonts": "^0.63.3"
      }
    },
    "node_modules/@jridgewell/sourcemap-codec": {
      "version": "1.5.0",
      "resolved": "https://registry.npmjs.org/@jridgewell/sourcemap-codec/-/sourcemap-codec-1.5.0.tgz",
      "integrity": "sha512-gv3ZRaISU3fjPAgNsriBRqGWQL6quFx04YMPW/zD8XMLsU32mhCCbfbO6KZFLjvYpCZ8zyDEgqsgf+PwPaM7GQ==",
      "dev": true
    },
    "node_modules/@unocss/core": {
      "version": "0.63.3",
      "resolved": "https://registry.npmjs.org/@unocss/core/-/core-0.63.3.tgz",
      "integrity": "sha512-LPDog+Dt36ut9yomgpKDHn4j/kI72sWtxm3iL6agEK3NDQToQsizQU6f8ZsIyUrpi7CoIV2i+3vmsdxauBd4kw==",
      "dev": true,
      "funding": {
        "url": "https://github.com/sponsors/antfu"
      }
    },
    "node_modules/@unocss/extractor-arbitrary-variants": {
      "version": "0.63.3",
      "resolved": "https://registry.npmjs.org/@unocss/extractor-arbitrary-variants/-/extractor-arbitrary-variants-0.63.3.tgz",
      "integrity": "sha512-n5foNPmt/BtocMdUbl9HOOWuimPFIFDH9YmyfNrAN1kcL8Yz6l0PAlFWW5xUyk4rzaIXCfnWmRRb8mGoku0hXA==",
      "dev": true,
      "dependencies": {
        "@unocss/core": "0.63.3"
      },
      "funding": {
        "url": "https://github.com/sponsors/antfu"
      }
    },
    "node_modules/@unocss/preset-mini": {
      "version": "0.63.3",
      "resolved": "https://registry.npmjs.org/@unocss/preset-mini/-/preset-mini-0.63.3.tgz",
      "integrity": "sha512-V1nwq0ca8zxiXUDz4bQVyjwqWwMIpY26XNx9i/yd7FhKW//Fb+9XWMdE7BcoaBDuECF6O+RjlrSuJ1Zdw8kN8A==",
      "dev": true,
      "dependencies": {
        "@unocss/core": "0.63.3",
        "@unocss/extractor-arbitrary-variants": "0.63.3",
        "@unocss/rule-utils": "0.63.3"
      },
      "funding": {
        "url": "https://github.com/sponsors/antfu"
      }
    },
    "node_modules/@unocss/preset-uno": {
      "version": "0.63.3",
      "resolved": "https://registry.npmjs.org/@unocss/preset-uno/-/preset-uno-0.63.3.tgz",
      "integrity": "sha512-ZV7USCPMJI08PaMZM+d0Bcnmgle55na6AuXbh7VrK3lUPpcOcaI+63sf1GzR+CRQsDR8J2BQD/D4yySXwQqFcA==",
      "dev": true,
      "dependencies": {
        "@unocss/core": "0.63.3",
        "@unocss/preset-mini": "0.63.3",
        "@unocss/preset-wind": "0.63.3",
        "@unocss/rule-utils": "0.63.3"
      },
      "funding": {
        "url": "https://github.com/sponsors/antfu"
      }
    },
    "node_modules/@unocss/preset-web-fonts": {
      "version": "0.63.3",
      "resolved": "https://registry.npmjs.org/@unocss/preset-web-fonts/-/preset-web-fonts-0.63.3.tgz",
      "integrity": "sha512-DBylkDNKl17Kg+BG6GbFJJ3r/e7ZxhejY4gVYSIH9/j5487120I+1Hgj7b/aZSbauCLDR0AJTSxOZWvW+jn1eA==",
      "dev": true,
      "license": "MIT",
      "dependencies": {
        "@unocss/core": "0.63.3",
        "ofetch": "^1.4.0"
      },
      "funding": {
        "url": "https://github.com/sponsors/antfu"
      }
    },
    "node_modules/@unocss/preset-wind": {
      "version": "0.63.3",
      "resolved": "https://registry.npmjs.org/@unocss/preset-wind/-/preset-wind-0.63.3.tgz",
      "integrity": "sha512-bNur/Ck0e48uUcgowTChV1XNa4ev6HfrJepTC8wXlfQZOFSsZvNYW9+IHYts0QlX8NeG5Jcf1SlkXc+s/akmUA==",
      "dev": true,
      "dependencies": {
        "@unocss/core": "0.63.3",
        "@unocss/preset-mini": "0.63.3",
        "@unocss/rule-utils": "0.63.3"
      },
      "funding": {
        "url": "https://github.com/sponsors/antfu"
      }
    },
    "node_modules/@unocss/rule-utils": {
      "version": "0.63.3",
      "resolved": "https://registry.npmjs.org/@unocss/rule-utils/-/rule-utils-0.63.3.tgz",
      "integrity": "sha512-DVX9d/72fsQz4qD67C+NIiMEhtpre6xJDISvxZgb165UzzW8k9rUTef4uWz0SRv+O5NdotpBl32UT8X9McP9Mg==",
      "dev": true,
      "dependencies": {
        "@unocss/core": "^0.63.3",
        "magic-string": "^0.30.11"
      },
      "engines": {
        "node": ">=14"
      },
      "funding": {
        "url": "https://github.com/sponsors/antfu"
      }
    },
    "node_modules/destr": {
      "version": "2.0.3",
      "resolved": "https://registry.npmjs.org/destr/-/destr-2.0.3.tgz",
      "integrity": "sha512-2N3BOUU4gYMpTP24s5rF5iP7BDr7uNTCs4ozw3kf/eKfvWSIu93GEBi5m427YoyJoeOzQ5smuu4nNAPGb8idSQ==",
      "dev": true,
      "license": "MIT"
    },
    "node_modules/magic-string": {
      "version": "0.30.11",
      "resolved": "https://registry.npmjs.org/magic-string/-/magic-string-0.30.11.tgz",
      "integrity": "sha512-+Wri9p0QHMy+545hKww7YAu5NyzF8iomPL/RQazugQ9+Ez4Ic3mERMd8ZTX5rfK944j+560ZJi8iAwgak1Ac7A==",
      "dev": true,
      "dependencies": {
        "@jridgewell/sourcemap-codec": "^1.5.0"
      }
    },
    "node_modules/node-fetch-native": {
      "version": "1.6.4",
      "resolved": "https://registry.npmjs.org/node-fetch-native/-/node-fetch-native-1.6.4.tgz",
      "integrity": "sha512-IhOigYzAKHd244OC0JIMIUrjzctirCmPkaIfhDeGcEETWof5zKYUW7e7MYvChGWh/4CJeXEgsRyGzuF334rOOQ==",
      "dev": true,
      "license": "MIT"
    },
    "node_modules/ofetch": {
      "version": "1.4.0",
      "resolved": "https://registry.npmjs.org/ofetch/-/ofetch-1.4.0.tgz",
      "integrity": "sha512-MuHgsEhU6zGeX+EMh+8mSMrYTnsqJQQrpM00Q6QHMKNqQ0bKy0B43tk8tL1wg+CnsSTy1kg4Ir2T5Ig6rD+dfQ==",
      "dev": true,
      "license": "MIT",
      "dependencies": {
        "destr": "^2.0.3",
        "node-fetch-native": "^1.6.4",
        "ufo": "^1.5.4"
      }
    },
    "node_modules/ufo": {
      "version": "1.5.4",
      "resolved": "https://registry.npmjs.org/ufo/-/ufo-1.5.4.tgz",
      "integrity": "sha512-UsUk3byDzKd04EyoZ7U4DOlxQaD14JUKQl6/P7wiX4FNvUfm3XL246n9W5AmqwW5RSFJ27NAuM0iLscAOYUiGQ==",
      "dev": true,
      "license": "MIT"
    }
  }
}
